
Microsoft Visual Studio Solution File, Format Version 12.00
# Visual Studio Version 17
VisualStudioVersion = 17.0.31903.59
MinimumVisualStudioVersion = 10.0.40219.1
Project("{F2A71F9B-5D33-465A-A702-920D77279786}") = "IntelliJUpdater", "IntelliJUpdater\IntelliJUpdater.fsproj", "{1A78B05A-E0A0-4EC7-8324-A7784E56FD99}"
EndProject
Project("{2150E333-8FDC-42A3-9474-1A3956D46DE8}") = "Solution Items", "Solution Items", "{F831EDFC-C8C8-4D1D-8A5B-2E4FEA1A1C20}"
	ProjectSection(SolutionItems) = preProject
		.gitignore = .gitignore
	EndProjectSection
EndProject
Project("{F2A71F9B-5D33-465A-A702-920D77279786}") = "IntelliJUpdater.Tests", "IntelliJUpdater.Tests\IntelliJUpdater.Tests.fsproj", "{014ECC9F-EC27-4D23-9790-460F40A388DC}"
EndProject
Project("{2150E333-8FDC-42A3-9474-1A3956D46DE8}") = ".github", ".github", "{998FC2DC-3DEA-41DD-9330-C4102547D6ED}"
EndProject
Project("{2150E333-8FDC-42A3-9474-1A3956D46DE8}") = "workflows", "workflows", "{AAD2F83F-36C4-4549-ABDB-800375C0D96D}"
	ProjectSection(SolutionItems) = preProject
		.github\workflows\main.yml = .github\workflows\main.yml
	EndProjectSection
EndProject
Global
	GlobalSection(SolutionConfigurationPlatforms) = preSolution
		Debug|Any CPU = Debug|Any CPU
		Release|Any CPU = Release|Any CPU
	EndGlobalSection
	GlobalSection(SolutionProperties) = preSolution
		HideSolutionNode = FALSE
	EndGlobalSection
	GlobalSection(ProjectConfigurationPlatforms) = postSolution
		{1A78B05A-E0A0-4EC7-8324-A7784E56FD99}.Debug|Any CPU.ActiveCfg = Debug|Any CPU
		{1A78B05A-E0A0-4EC7-8324-A7784E56FD99}.Debug|Any CPU.Build.0 = Debug|Any CPU
		{1A78B05A-E0A0-4EC7-8324-A7784E56FD99}.Release|Any CPU.ActiveCfg = Release|Any CPU
		{1A78B05A-E0A0-4EC7-8324-A7784E56FD99}.Release|Any CPU.Build.0 = Release|Any CPU
		{014ECC9F-EC27-4D23-9790-460F40A388DC}.Debug|Any CPU.ActiveCfg = Debug|Any CPU
		{014ECC9F-EC27-4D23-9790-460F40A388DC}.Debug|Any CPU.Build.0 = Debug|Any CPU
		{014ECC9F-EC27-4D23-9790-460F40A388DC}.Release|Any CPU.ActiveCfg = Release|Any CPU
		{014ECC9F-EC27-4D23-9790-460F40A388DC}.Release|Any CPU.Build.0 = Release|Any CPU
	EndGlobalSection
	GlobalSection(NestedProjects) = preSolution
		{AAD2F83F-36C4-4549-ABDB-800375C0D96D} = {998FC2DC-3DEA-41DD-9330-C4102547D6ED}
	EndGlobalSection
EndGlobal
